<?xml version="1.0" encoding="utf-8"?>
<Project ToolsVersion="4.0" xmlns="http://schemas.microsoft.com/developer/msbuild/2003">
  <ItemGroup>
    <Filter Include="헤더 파일">
      <UniqueIdentifier>{93995380-89BD-4b04-88EB-625FBE52EBFB}</UniqueIdentifier>
      <Extensions>h;hh;hpp;hxx;hm;inl;inc;xsd</Extensions>
    </Filter>
    <Filter Include="리소스 파일">
      <UniqueIdentifier>{67DA6AB6-F800-4c08-8B7A-83BB121AAD01}</UniqueIdentifier>
      <Extensions>rc;ico;cur;bmp;dlg;rc2;rct;bin;rgs;gif;jpg;jpeg;jpe;resx;tiff;tif;png;wav;mfcribbon-ms</Extensions>
    </Filter>
    <Filter Include="2DFrameWork">
      <UniqueIdentifier>{7210a4b0-0190-4473-b91e-8c79eb4d53b8}</UniqueIdentifier>
    </Filter>
    <Filter Include="2DFrameWork\Utill">
      <UniqueIdentifier>{7ef62b0a-6031-4072-9780-1c19608665ab}</UniqueIdentifier>
    </Filter>
    <Filter Include="2DFrameWork\GameNode">
      <UniqueIdentifier>{b05b51b0-26e2-46fd-b246-5d86a1c094da}</UniqueIdentifier>
    </Filter>
    <Filter Include="2DFrameWork\Manager">
      <UniqueIdentifier>{36b8064c-2835-4608-a2f3-6266f56fb4f2}</UniqueIdentifier>
    </Filter>
    <Filter Include="2DFrameWork\BackBuffer">
      <UniqueIdentifier>{fdfe4194-5f4e-4f08-826f-b2207f3467bb}</UniqueIdentifier>
    </Filter>
    <Filter Include="2DFrameWork\System">
      <UniqueIdentifier>{59eb894a-1c05-4839-873f-3c7fb27370fa}</UniqueIdentifier>
    </Filter>
    <Filter Include="2DFrameWork\Image">
      <UniqueIdentifier>{0b29419d-427d-45c3-aacf-25d55d44f2d1}</UniqueIdentifier>
    </Filter>
    <Filter Include="MainGame">
      <UniqueIdentifier>{ab6bd8ea-0d9d-459e-8cbf-a77362d74c60}</UniqueIdentifier>
    </Filter>
    <Filter Include="2DFrameWork\System\SingletonBase">
      <UniqueIdentifier>{dcc2a5bb-c936-4d29-a553-3b60c6a2f381}</UniqueIdentifier>
    </Filter>
    <Filter Include="2DFrameWork\Animation">
      <UniqueIdentifier>{dc3ced0d-46fe-42ad-a00a-f8e55a8a667f}</UniqueIdentifier>
    </Filter>
    <Filter Include="2DFrameWork\Timer">
      <UniqueIdentifier>{4a83a5b6-01d6-422c-b3fb-5b154b763363}</UniqueIdentifier>
    </Filter>
    <Filter Include="2DFrameWork\Camera">
      <UniqueIdentifier>{dc5d030e-d07d-4eeb-8e95-33bfd634e28e}</UniqueIdentifier>
    </Filter>
    <Filter Include="2DFrameWork\Effect">
      <UniqueIdentifier>{fd1e435a-d8e8-4a72-a84d-5e593e0da35a}</UniqueIdentifier>
    </Filter>
    <Filter Include="2DFrameWork\ProgressBar">
      <UniqueIdentifier>{6f101f6e-1c55-4c06-83ab-3abaf0e79878}</UniqueIdentifier>
    </Filter>
    <Filter Include="2DFrameWork\Button">
      <UniqueIdentifier>{8de1bcc0-3703-454b-b785-3827802e8548}</UniqueIdentifier>
    </Filter>
    <Filter Include="2DFrameWork\TextIO">
      <UniqueIdentifier>{504b655b-6636-420b-9dd6-738e572b7eb6}</UniqueIdentifier>
    </Filter>
    <Filter Include="2DFrameWork\MapTool">
      <UniqueIdentifier>{5b69ed27-6333-4a43-9169-7e9dd67d0554}</UniqueIdentifier>
    </Filter>
    <Filter Include="2DFrameWork\Action">
      <UniqueIdentifier>{35b5db75-9208-40a8-bbee-65830d21eb85}</UniqueIdentifier>
    </Filter>
    <Filter Include="MainGame\01.Scene">
      <UniqueIdentifier>{e4240f4f-d89f-474e-a347-1b6ab6e73c41}</UniqueIdentifier>
    </Filter>
    <Filter Include="MainGame\02.GameObject">
      <UniqueIdentifier>{107438f2-915b-4300-b39c-50d8dc5e03dd}</UniqueIdentifier>
    </Filter>
    <Filter Include="MainGame\02.GameObject\Character">
      <UniqueIdentifier>{f7b0be13-2589-4493-926d-5723fbc8b503}</UniqueIdentifier>
    </Filter>
    <Filter Include="2DFrameWork\Component">
      <UniqueIdentifier>{005305d0-dd63-4693-a354-471850fe4c9b}</UniqueIdentifier>
    </Filter>
    <Filter Include="2DFrameWork\State">
      <UniqueIdentifier>{eed355b8-a2e1-496b-8795-35df6a2c321b}</UniqueIdentifier>
    </Filter>
    <Filter Include="소스 파일">
      <UniqueIdentifier>{4FC737F1-C7A5-4376-A066-2A32D752A2FF}</UniqueIdentifier>
      <Extensions>cpp;c;cc;cxx;def;odl;idl;hpj;bat;asm;asmx</Extensions>
    </Filter>
    <Filter Include="MainGame\UI">
      <UniqueIdentifier>{f9150919-652b-4fe3-88b5-8cba45117330}</UniqueIdentifier>
    </Filter>
    <Filter Include="MainGame\03.Func">
      <UniqueIdentifier>{cb69fc13-bfe1-4ff7-b09c-fb0d68d09213}</UniqueIdentifier>
    </Filter>
    <Filter Include="MainGame\02.GameObject\Viewer">
      <UniqueIdentifier>{161484d8-c5a7-41ef-b9d2-e8f3bf1cd1b7}</UniqueIdentifier>
    </Filter>
    <Filter Include="MainGame\02.GameObject\Map">
      <UniqueIdentifier>{771e6ee8-12cf-4f10-9074-a87887c96595}</UniqueIdentifier>
    </Filter>
    <Filter Include="2DFrameWork\00.Test">
      <UniqueIdentifier>{b000849e-854d-4192-b766-47f2c6d2141a}</UniqueIdentifier>
    </Filter>
    <Filter Include="2DFrameWork\State\Pathfinder">
      <UniqueIdentifier>{14797185-636f-4fcb-b2b7-045b40cdd7c2}</UniqueIdentifier>
    </Filter>
    <Filter Include="MainGame\02.GameObject\Tile">
      <UniqueIdentifier>{32bbf10e-f198-47d3-a55b-5acf59d6b66f}</UniqueIdentifier>
    </Filter>
    <Filter Include="2DFrameWork\State\Navi">
      <UniqueIdentifier>{856559b2-1af4-4653-873a-4609e09c566a}</UniqueIdentifier>
    </Filter>
    <Filter Include="MainGame\UI\Button">
      <UniqueIdentifier>{a6980d6d-a9a6-4724-abbf-55d12d323ef8}</UniqueIdentifier>
    </Filter>
    <Filter Include="MainGame\02.GameObject\Item">
      <UniqueIdentifier>{f265497c-5b61-41ec-aa1b-729d9be49445}</UniqueIdentifier>
    </Filter>
    <Filter Include="MainGame\03.Func\Event">
      <UniqueIdentifier>{f4358001-6106-4dca-af05-55f4a5df7f08}</UniqueIdentifier>
    </Filter>
  </ItemGroup>
  <ItemGroup>
    <ClCompile Include="WinMain.cpp">
      <Filter>소스 파일</Filter>
    </ClCompile>
    <ClCompile Include="GameNode.cpp">
      <Filter>2DFrameWork\GameNode</Filter>
    </ClCompile>
    <ClCompile Include="KeyManager.cpp">
      <Filter>2DFrameWork\Manager</Filter>
    </ClCompile>
    <ClCompile Include="MainGame.cpp">
      <Filter>MainGame</Filter>
    </ClCompile>
    <ClCompile Include="BackBuffer.cpp">
      <Filter>2DFrameWork\BackBuffer</Filter>
    </ClCompile>
    <ClCompile Include="Image.cpp">
      <Filter>2DFrameWork\Image</Filter>
    </ClCompile>
    <ClCompile Include="GameSystem.cpp">
      <Filter>2DFrameWork\System</Filter>
    </ClCompile>
    <ClCompile Include="Util.cpp">
      <Filter>2DFrameWork\Utill</Filter>
    </ClCompile>
    <ClCompile Include="CollisionFunction.cpp">
      <Filter>2DFrameWork\Utill</Filter>
    </ClCompile>
    <ClCompile Include="Animation.cpp">
      <Filter>2DFrameWork\Animation</Filter>
    </ClCompile>
    <ClCompile Include="Timer.cpp">
      <Filter>2DFrameWork\Timer</Filter>
    </ClCompile>
    <ClCompile Include="ImageManager.cpp">
      <Filter>2DFrameWork\Manager</Filter>
    </ClCompile>
    <ClCompile Include="EffectManager.cpp">
      <Filter>2DFrameWork\Manager</Filter>
    </ClCompile>
    <ClCompile Include="SceneManager.cpp">
      <Filter>2DFrameWork\Manager</Filter>
    </ClCompile>
    <ClCompile Include="TimeManager.cpp">
      <Filter>2DFrameWork\Manager</Filter>
    </ClCompile>
    <ClCompile Include="Camera.cpp">
      <Filter>2DFrameWork\Camera</Filter>
    </ClCompile>
    <ClCompile Include="Effect.cpp">
      <Filter>2DFrameWork\Effect</Filter>
    </ClCompile>
    <ClCompile Include="ProgressBar.cpp">
      <Filter>2DFrameWork\ProgressBar</Filter>
    </ClCompile>
    <ClCompile Include="Button.cpp">
      <Filter>2DFrameWork\Button</Filter>
    </ClCompile>
    <ClCompile Include="SoundManager.cpp">
      <Filter>2DFrameWork\Manager</Filter>
    </ClCompile>
    <ClCompile Include="AnimationManager.cpp">
      <Filter>2DFrameWork\Manager</Filter>
    </ClCompile>
    <ClCompile Include="Action.cpp">
      <Filter>2DFrameWork\Action</Filter>
    </ClCompile>
    <ClCompile Include="ComponentSystem.cpp">
      <Filter>2DFrameWork\Component</Filter>
    </ClCompile>
    <ClCompile Include="Component.cpp">
      <Filter>2DFrameWork\Component</Filter>
    </ClCompile>
    <ClCompile Include="Character.cpp">
      <Filter>MainGame\02.GameObject\Character</Filter>
    </ClCompile>
    <ClCompile Include="State.cpp">
      <Filter>2DFrameWork\State</Filter>
    </ClCompile>
    <ClCompile Include="AttackState.cpp">
      <Filter>2DFrameWork\State</Filter>
    </ClCompile>
    <ClCompile Include="DeadState.cpp">
      <Filter>2DFrameWork\State</Filter>
    </ClCompile>
    <ClCompile Include="DefenseState.cpp">
      <Filter>2DFrameWork\State</Filter>
    </ClCompile>
    <ClCompile Include="IdleState.cpp">
      <Filter>2DFrameWork\State</Filter>
    </ClCompile>
    <ClCompile Include="MoveState.cpp">
      <Filter>2DFrameWork\State</Filter>
    </ClCompile>
    <ClCompile Include="TileObject.cpp">
      <Filter>MainGame\02.GameObject\Tile</Filter>
    </ClCompile>
    <ClCompile Include="TileCell.cpp">
      <Filter>MainGame\02.GameObject\Tile</Filter>
    </ClCompile>
    <ClCompile Include="BattleSceneTest.cpp">
      <Filter>2DFrameWork\00.Test</Filter>
    </ClCompile>
    <ClCompile Include="ResourceManager.cpp">
      <Filter>2DFrameWork\Manager</Filter>
    </ClCompile>
    <ClCompile Include="Player.cpp">
      <Filter>MainGame\02.GameObject\Character</Filter>
    </ClCompile>
    <ClCompile Include="Map.cpp">
      <Filter>MainGame\02.GameObject\Map</Filter>
    </ClCompile>
    <ClCompile Include="PathfindingImmedateState.cpp">
      <Filter>2DFrameWork\State\Pathfinder</Filter>
    </ClCompile>
    <ClCompile Include="PathfindingMoveState.cpp">
      <Filter>2DFrameWork\State\Pathfinder</Filter>
    </ClCompile>
    <ClCompile Include="PathfindingldeState.cpp">
      <Filter>2DFrameWork\State\Pathfinder</Filter>
    </ClCompile>
    <ClCompile Include="PathfindingState.cpp">
      <Filter>2DFrameWork\State\Pathfinder</Filter>
    </ClCompile>
    <ClCompile Include="Monster.cpp">
      <Filter>MainGame\02.GameObject\Character</Filter>
    </ClCompile>
    <ClCompile Include="ParsingSystem.cpp">
      <Filter>2DFrameWork\System</Filter>
    </ClCompile>
    <ClCompile Include="NavigationState.cpp">
      <Filter>2DFrameWork\State\Navi</Filter>
    </ClCompile>
    <ClCompile Include="NaviGationSystem.cpp">
      <Filter>2DFrameWork\System</Filter>
    </ClCompile>
    <ClCompile Include="GameTurnManager.cpp">
      <Filter>2DFrameWork\System</Filter>
    </ClCompile>
    <ClCompile Include="GameUI.cpp">
      <Filter>MainGame\UI</Filter>
    </ClCompile>
    <ClCompile Include="SelectStateButton.cpp">
      <Filter>MainGame\UI\Button</Filter>
    </ClCompile>
    <ClCompile Include="GameYesNoButton.cpp">
      <Filter>MainGame\UI\Button</Filter>
    </ClCompile>
    <ClCompile Include="ButtonManager.cpp">
      <Filter>2DFrameWork\System</Filter>
    </ClCompile>
    <ClCompile Include="SkillState.cpp">
      <Filter>2DFrameWork\State</Filter>
    </ClCompile>
    <ClCompile Include="FontManager.cpp">
      <Filter>2DFrameWork\Manager</Filter>
    </ClCompile>
    <ClCompile Include="SkillSystem.cpp">
      <Filter>2DFrameWork\System</Filter>
    </ClCompile>
    <ClCompile Include="Item.cpp">
      <Filter>MainGame\02.GameObject\Item</Filter>
    </ClCompile>
    <ClCompile Include="BattleScene.cpp">
      <Filter>MainGame\01.Scene</Filter>
    </ClCompile>
    <ClCompile Include="LogoScene.cpp">
      <Filter>MainGame\01.Scene</Filter>
    </ClCompile>
    <ClCompile Include="QusetScene.cpp">
      <Filter>MainGame\01.Scene</Filter>
    </ClCompile>
    <ClCompile Include="TitleScene.cpp">
      <Filter>MainGame\01.Scene</Filter>
    </ClCompile>
    <ClCompile Include="EventSystem.cpp">
      <Filter>2DFrameWork\System</Filter>
    </ClCompile>
    <ClCompile Include="ResultScene.cpp">
      <Filter>MainGame\01.Scene</Filter>
    </ClCompile>
    <ClCompile Include="NPC.cpp">
      <Filter>MainGame\02.GameObject\Character</Filter>
    </ClCompile>
    <ClCompile Include="MpBar.cpp">
      <Filter>MainGame\UI\Button</Filter>
    </ClCompile>
    <ClCompile Include="HpBar.cpp">
      <Filter>MainGame\UI\Button</Filter>
    </ClCompile>
  </ItemGroup>
  <ItemGroup>
    <ClInclude Include="commonMacroFunction.h">
      <Filter>2DFrameWork\Utill</Filter>
    </ClInclude>
    <ClInclude Include="GameNode.h">
      <Filter>2DFrameWork\GameNode</Filter>
    </ClInclude>
    <ClInclude Include="SingletonBase.h">
      <Filter>2DFrameWork\System\SingletonBase</Filter>
    </ClInclude>
    <ClInclude Include="KeyManager.h">
      <Filter>2DFrameWork\Manager</Filter>
    </ClInclude>
    <ClInclude Include="MainGame.h">
      <Filter>MainGame</Filter>
    </ClInclude>
    <ClInclude Include="BackBuffer.h">
      <Filter>2DFrameWork\BackBuffer</Filter>
    </ClInclude>
    <ClInclude Include="Image.h">
      <Filter>2DFrameWork\Image</Filter>
    </ClInclude>
    <ClInclude Include="GameSystem.h">
      <Filter>2DFrameWork\System</Filter>
    </ClInclude>
    <ClInclude Include="CollisionFunction.h">
      <Filter>2DFrameWork\Utill</Filter>
    </ClInclude>
    <ClInclude Include="Util.h">
      <Filter>2DFrameWork\Utill</Filter>
    </ClInclude>
    <ClInclude Include="Animation.h">
      <Filter>2DFrameWork\Animation</Filter>
    </ClInclude>
    <ClInclude Include="MacroDefine.h">
      <Filter>헤더 파일</Filter>
    </ClInclude>
    <ClInclude Include="Timer.h">
      <Filter>2DFrameWork\Timer</Filter>
    </ClInclude>
    <ClInclude Include="ImageManager.h">
      <Filter>2DFrameWork\Manager</Filter>
    </ClInclude>
    <ClInclude Include="EffectManager.h">
      <Filter>2DFrameWork\Manager</Filter>
    </ClInclude>
    <ClInclude Include="SceneManager.h">
      <Filter>2DFrameWork\Manager</Filter>
    </ClInclude>
    <ClInclude Include="TimeManager.h">
      <Filter>2DFrameWork\Manager</Filter>
    </ClInclude>
    <ClInclude Include="RandomFunction.h">
      <Filter>2DFrameWork\System</Filter>
    </ClInclude>
    <ClInclude Include="Camera.h">
      <Filter>2DFrameWork\Camera</Filter>
    </ClInclude>
    <ClInclude Include="CustomDefine.h">
      <Filter>헤더 파일</Filter>
    </ClInclude>
    <ClInclude Include="Game.h">
      <Filter>헤더 파일</Filter>
    </ClInclude>
    <ClInclude Include="Effect.h">
      <Filter>2DFrameWork\Effect</Filter>
    </ClInclude>
    <ClInclude Include="ProgressBar.h">
      <Filter>2DFrameWork\ProgressBar</Filter>
    </ClInclude>
    <ClInclude Include="Button.h">
      <Filter>2DFrameWork\Button</Filter>
    </ClInclude>
    <ClInclude Include="SoundManager.h">
      <Filter>2DFrameWork\Manager</Filter>
    </ClInclude>
    <ClInclude Include="AnimationManager.h">
      <Filter>2DFrameWork\Manager</Filter>
    </ClInclude>
    <ClInclude Include="Action.h">
      <Filter>2DFrameWork\Action</Filter>
    </ClInclude>
    <ClInclude Include="ComponentMessage.h">
      <Filter>2DFrameWork\Component</Filter>
    </ClInclude>
    <ClInclude Include="ComponentSystem.h">
      <Filter>2DFrameWork\Component</Filter>
    </ClInclude>
    <ClInclude Include="Character.h">
      <Filter>MainGame\02.GameObject\Character</Filter>
    </ClInclude>
    <ClInclude Include="State.h">
      <Filter>2DFrameWork\State</Filter>
    </ClInclude>
    <ClInclude Include="AttackState.h">
      <Filter>2DFrameWork\State</Filter>
    </ClInclude>
    <ClInclude Include="IdleState.h">
      <Filter>2DFrameWork\State</Filter>
    </ClInclude>
    <ClInclude Include="DefenseState.h">
      <Filter>2DFrameWork\State</Filter>
    </ClInclude>
    <ClInclude Include="DeadState.h">
      <Filter>2DFrameWork\State</Filter>
    </ClInclude>
    <ClInclude Include="MoveState.h">
      <Filter>2DFrameWork\State</Filter>
    </ClInclude>
    <ClInclude Include="TileObject.h">
      <Filter>MainGame\02.GameObject\Tile</Filter>
    </ClInclude>
    <ClInclude Include="TileCell.h">
      <Filter>MainGame\02.GameObject\Tile</Filter>
    </ClInclude>
    <ClInclude Include="BattleSceneTest.h">
      <Filter>2DFrameWork\00.Test</Filter>
    </ClInclude>
    <ClInclude Include="ResourceManager.h">
      <Filter>2DFrameWork\Manager</Filter>
    </ClInclude>
    <ClInclude Include="Component.h">
      <Filter>2DFrameWork\Component</Filter>
    </ClInclude>
    <ClInclude Include="Player.h">
      <Filter>MainGame\02.GameObject\Character</Filter>
    </ClInclude>
    <ClInclude Include="Map.h">
      <Filter>MainGame\02.GameObject\Map</Filter>
    </ClInclude>
    <ClInclude Include="PathfindingImmedateState.h">
      <Filter>2DFrameWork\State\Pathfinder</Filter>
    </ClInclude>
    <ClInclude Include="PathfindingMoveState.h">
      <Filter>2DFrameWork\State\Pathfinder</Filter>
    </ClInclude>
    <ClInclude Include="PathfindingldeState.h">
      <Filter>2DFrameWork\State\Pathfinder</Filter>
    </ClInclude>
    <ClInclude Include="PathfindingState.h">
      <Filter>2DFrameWork\State\Pathfinder</Filter>
    </ClInclude>
    <ClInclude Include="Monster.h">
      <Filter>MainGame\02.GameObject\Character</Filter>
    </ClInclude>
    <ClInclude Include="ParsingSystem.h">
      <Filter>2DFrameWork\System</Filter>
    </ClInclude>
    <ClInclude Include="NavigationState.h">
      <Filter>2DFrameWork\State\Navi</Filter>
    </ClInclude>
    <ClInclude Include="NaviGationSystem.h">
      <Filter>2DFrameWork\System</Filter>
    </ClInclude>
    <ClInclude Include="GameTurnManager.h">
      <Filter>2DFrameWork\System</Filter>
    </ClInclude>
    <ClInclude Include="GameUI.h">
      <Filter>MainGame\UI</Filter>
    </ClInclude>
    <ClInclude Include="GameYesNoButton.h">
      <Filter>MainGame\UI\Button</Filter>
    </ClInclude>
    <ClInclude Include="ButtonManager.h">
      <Filter>2DFrameWork\System</Filter>
    </ClInclude>
    <ClInclude Include="SkillState.h">
      <Filter>2DFrameWork\State</Filter>
    </ClInclude>
    <ClInclude Include="FontManager.h">
      <Filter>2DFrameWork\Manager</Filter>
    </ClInclude>
    <ClInclude Include="SkillSystem.h">
      <Filter>2DFrameWork\System</Filter>
    </ClInclude>
    <ClInclude Include="Item.h">
      <Filter>MainGame\02.GameObject\Item</Filter>
    </ClInclude>
    <ClInclude Include="BattleScene.h">
      <Filter>MainGame\01.Scene</Filter>
    </ClInclude>
    <ClInclude Include="LogoScene.h">
      <Filter>MainGame\01.Scene</Filter>
    </ClInclude>
    <ClInclude Include="QusetScene.h">
      <Filter>MainGame\01.Scene</Filter>
    </ClInclude>
    <ClInclude Include="TitleScene.h">
      <Filter>MainGame\01.Scene</Filter>
    </ClInclude>
    <ClInclude Include="EventSystem.h">
      <Filter>2DFrameWork\System</Filter>
    </ClInclude>
    <ClInclude Include="ResultScene.h">
      <Filter>MainGame\01.Scene</Filter>
    </ClInclude>
    <ClInclude Include="NPC.h">
      <Filter>MainGame\02.GameObject\Character</Filter>
    </ClInclude>
    <ClInclude Include="HpBar.h">
      <Filter>MainGame\UI\Button</Filter>
    </ClInclude>
    <ClInclude Include="MpBar.h">
      <Filter>MainGame\UI\Button</Filter>
    </ClInclude>
    <ClInclude Include="SelectStateButton.h">
      <Filter>MainGame\UI\Button</Filter>
    </ClInclude>
  </ItemGroup>
</Project>